<?xml version="1.0" encoding="utf-8"?>
<Project ToolsVersion="4.0" xmlns="http://schemas.microsoft.com/developer/msbuild/2003">
  <ItemGroup>
    <Filter Include="Source Files">
      <UniqueIdentifier>{ec34f421-acd2-434f-9e06-853b72205ff9}</UniqueIdentifier>
      <Extensions>cpp;c;cxx;rc;def;odl;idl;hpj;bat;asm</Extensions>
    </Filter>
    <Filter Include="Header Files">
      <UniqueIdentifier>{96f1db2d-b0c1-4d52-ac9a-915315f66de8}</UniqueIdentifier>
      <Extensions>h;hpp;hxx;hm;inl;inc</Extensions>
    </Filter>
    <Filter Include="Resource Files">
      <UniqueIdentifier>{27738d0d-086f-43d9-b5e9-20d9c2f7ca1e}</UniqueIdentifier>
      <Extensions>ico;cur;bmp;dlg;rc2;rct;bin;rgs;gif;jpg;jpeg;jpe</Extensions>
    </Filter>
  </ItemGroup>
  <ItemGroup>
    <ClCompile Include="..\schema.cc">
      <Filter>Source Files</Filter>
    </ClCompile>
    <ClCompile Include="..\std_hooks.cc">
      <Filter>Source Files</Filter>
    </ClCompile>
    <ClCompile Include="..\ancestry.cc">
      <Filter>Source Files</Filter>
    </ClCompile>
    <ClCompile Include="..\annotate.cc">
      <Filter>Source Files</Filter>
    </ClCompile>
    <ClCompile Include="..\app_state.cc">
      <Filter>Source Files</Filter>
    </ClCompile>
    <ClCompile Include="..\asciik.cc">
      <Filter>Source Files</Filter>
    </ClCompile>
    <ClCompile Include="..\automate.cc">
      <Filter>Source Files</Filter>
    </ClCompile>
    <ClCompile Include="..\automate_reader.cc">
      <Filter>Source Files</Filter>
    </ClCompile>
    <ClCompile Include="..\basic_io.cc">
      <Filter>Source Files</Filter>
    </ClCompile>
    <ClCompile Include="..\cache_logger.cc">
      <Filter>Source Files</Filter>
    </ClCompile>
    <ClCompile Include="..\cert.cc">
      <Filter>Source Files</Filter>
    </ClCompile>
    <ClCompile Include="..\charset.cc">
      <Filter>Source Files</Filter>
    </ClCompile>
    <ClCompile Include="..\cmd.cc">
      <Filter>Source Files</Filter>
    </ClCompile>
    <ClCompile Include="..\cmd_automate.cc">
      <Filter>Source Files</Filter>
    </ClCompile>
    <ClCompile Include="..\cmd_conflicts.cc">
      <Filter>Source Files</Filter>
    </ClCompile>
    <ClCompile Include="..\cmd_db.cc">
      <Filter>Source Files</Filter>
    </ClCompile>
    <ClCompile Include="..\cmd_diff_log.cc">
      <Filter>Source Files</Filter>
    </ClCompile>
    <ClCompile Include="..\cmd_files.cc">
      <Filter>Source Files</Filter>
    </ClCompile>
    <ClCompile Include="..\cmd_key_cert.cc">
      <Filter>Source Files</Filter>
    </ClCompile>
    <ClCompile Include="..\cmd_list.cc">
      <Filter>Source Files</Filter>
    </ClCompile>
    <ClCompile Include="..\cmd_merging.cc">
      <Filter>Source Files</Filter>
    </ClCompile>
    <ClCompile Include="..\cmd_netsync.cc">
      <Filter>Source Files</Filter>
    </ClCompile>
    <ClCompile Include="..\cmd_othervcs.cc">
      <Filter>Source Files</Filter>
    </ClCompile>
    <ClCompile Include="..\cmd_packet.cc">
      <Filter>Source Files</Filter>
    </ClCompile>
    <ClCompile Include="..\cmd_ws_commit.cc">
      <Filter>Source Files</Filter>
    </ClCompile>
    <ClCompile Include="..\commands.cc">
      <Filter>Source Files</Filter>
    </ClCompile>
    <ClCompile Include="..\constants.cc">
      <Filter>Source Files</Filter>
    </ClCompile>
    <ClCompile Include="..\cset.cc">
      <Filter>Source Files</Filter>
    </ClCompile>
    <ClCompile Include="..\database.cc">
      <Filter>Source Files</Filter>
    </ClCompile>
    <ClCompile Include="..\database_check.cc">
      <Filter>Source Files</Filter>
    </ClCompile>
    <ClCompile Include="..\dates.cc">
      <Filter>Source Files</Filter>
    </ClCompile>
    <ClCompile Include="..\diff_output.cc">
      <Filter>Source Files</Filter>
    </ClCompile>
    <ClCompile Include="..\enumerator.cc">
      <Filter>Source Files</Filter>
    </ClCompile>
    <ClCompile Include="..\epoch.cc">
      <Filter>Source Files</Filter>
    </ClCompile>
    <ClCompile Include="..\file_io.cc">
      <Filter>Source Files</Filter>
    </ClCompile>
    <ClCompile Include="..\git_change.cc">
      <Filter>Source Files</Filter>
    </ClCompile>
    <ClCompile Include="..\git_export.cc">
      <Filter>Source Files</Filter>
    </ClCompile>
    <ClCompile Include="..\globish.cc">
      <Filter>Source Files</Filter>
    </ClCompile>
    <ClCompile Include="..\graph.cc">
      <Filter>Source Files</Filter>
    </ClCompile>
    <ClCompile Include="..\gzip.cc">
      <Filter>Source Files</Filter>
    </ClCompile>
    <ClCompile Include="..\hmac.cc">
      <Filter>Source Files</Filter>
    </ClCompile>
    <ClCompile Include="..\inodeprint.cc">
      <Filter>Source Files</Filter>
    </ClCompile>
    <ClCompile Include="..\key_store.cc">
      <Filter>Source Files</Filter>
    </ClCompile>
    <ClCompile Include="..\keys.cc">
      <Filter>Source Files</Filter>
    </ClCompile>
    <ClCompile Include="..\lcs.cc">
      <Filter>Source Files</Filter>
    </ClCompile>
    <ClCompile Include="..\legacy.cc">
      <Filter>Source Files</Filter>
    </ClCompile>
    <ClCompile Include="..\lua.cc">
      <Filter>Source Files</Filter>
    </ClCompile>
    <ClCompile Include="..\lua_hooks.cc">
      <Filter>Source Files</Filter>
    </ClCompile>
    <ClCompile Include="..\luaext_globish.cc">
      <Filter>Source Files</Filter>
    </ClCompile>
    <ClCompile Include="..\luaext_guess_binary.cc">
      <Filter>Source Files</Filter>
    </ClCompile>
    <ClCompile Include="..\luaext_mkstemp.cc">
      <Filter>Source Files</Filter>
    </ClCompile>
    <ClCompile Include="..\luaext_parse_basic_io.cc">
      <Filter>Source Files</Filter>
    </ClCompile>
    <ClCompile Include="..\luaext_platform.cc">
      <Filter>Source Files</Filter>
    </ClCompile>
    <ClCompile Include="..\merge_3way.cc">
      <Filter>Source Files</Filter>
    </ClCompile>
    <ClCompile Include="..\merge_conflict.cc">
      <Filter>Source Files</Filter>
    </ClCompile>
    <ClCompile Include="..\merge_content.cc">
      <Filter>Source Files</Filter>
    </ClCompile>
    <ClCompile Include="..\merge_roster.cc">
      <Filter>Source Files</Filter>
    </ClCompile>
    <ClCompile Include="..\merkle_tree.cc">
      <Filter>Source Files</Filter>
    </ClCompile>
    <ClCompile Include="..\migrate_ancestry.cc">
      <Filter>Source Files</Filter>
    </ClCompile>
    <ClCompile Include="..\migrate_schema.cc">
      <Filter>Source Files</Filter>
    </ClCompile>
    <ClCompile Include="..\migrate_work.cc">
      <Filter>Source Files</Filter>
    </ClCompile>
    <ClCompile Include="..\mkstemp.cc">
      <Filter>Source Files</Filter>
    </ClCompile>
    <ClCompile Include="..\monotone.cc">
      <Filter>Source Files</Filter>
    </ClCompile>
    <ClCompile Include="..\mt_version.cc">
      <Filter>Source Files</Filter>
    </ClCompile>
    <ClCompile Include="..\mtn-sanity.cc">
      <Filter>Source Files</Filter>
    </ClCompile>
    <ClCompile Include="..\netcmd.cc">
      <Filter>Source Files</Filter>
    </ClCompile>
    <ClCompile Include="..\netsync.cc">
      <Filter>Source Files</Filter>
    </ClCompile>
    <ClCompile Include="..\netxx_pipe.cc">
      <Filter>Source Files</Filter>
    </ClCompile>
    <ClCompile Include="..\option.cc">
      <Filter>Source Files</Filter>
    </ClCompile>
    <ClCompile Include="..\options.cc">
      <Filter>Source Files</Filter>
    </ClCompile>
    <ClCompile Include="..\outdated_indicator.cc">
      <Filter>Source Files</Filter>
    </ClCompile>
    <ClCompile Include="..\package_full_revision.cc">
      <Filter>Source Files</Filter>
    </ClCompile>
    <ClCompile Include="..\package_revision.cc">
      <Filter>Source Files</Filter>
    </ClCompile>
    <ClCompile Include="..\packet.cc">
      <Filter>Source Files</Filter>
    </ClCompile>
    <ClCompile Include="..\paths.cc">
      <Filter>Source Files</Filter>
    </ClCompile>
    <ClCompile Include="..\pcrewrap.cc">
      <Filter>Source Files</Filter>
    </ClCompile>
    <ClCompile Include="..\project.cc">
      <Filter>Source Files</Filter>
    </ClCompile>
    <ClCompile Include="..\randomizer.cc">
      <Filter>Source Files</Filter>
    </ClCompile>
    <ClCompile Include="..\rcs_file.cc">
      <Filter>Source Files</Filter>
    </ClCompile>
    <ClCompile Include="..\rcs_import.cc">
      <Filter>Source Files</Filter>
    </ClCompile>
    <ClCompile Include="..\refiner.cc">
      <Filter>Source Files</Filter>
    </ClCompile>
    <ClCompile Include="..\restrictions.cc">
      <Filter>Source Files</Filter>
    </ClCompile>
    <ClCompile Include="..\rev_height.cc">
      <Filter>Source Files</Filter>
    </ClCompile>
    <ClCompile Include="..\revision.cc">
      <Filter>Source Files</Filter>
    </ClCompile>
    <ClCompile Include="..\roster.cc">
      <Filter>Source Files</Filter>
    </ClCompile>
    <ClCompile Include="..\roster_delta.cc">
      <Filter>Source Files</Filter>
    </ClCompile>
    <ClCompile Include="..\sanity.cc">
      <Filter>Source Files</Filter>
    </ClCompile>
    <ClCompile Include="..\selectors.cc">
      <Filter>Source Files</Filter>
    </ClCompile>
    <ClCompile Include="..\sha1.cc">
      <Filter>Source Files</Filter>
    </ClCompile>
    <ClCompile Include="..\simplestring_xform.cc">
      <Filter>Source Files</Filter>
    </ClCompile>
    <ClCompile Include="..\specialized_lexical_cast.cc">
      <Filter>Source Files</Filter>
    </ClCompile>
    <ClCompile Include="..\ssh_agent.cc">
      <Filter>Source Files</Filter>
    </ClCompile>
    <ClCompile Include="..\transforms.cc">
      <Filter>Source Files</Filter>
    </ClCompile>
    <ClCompile Include="..\ui.cc">
      <Filter>Source Files</Filter>
    </ClCompile>
    <ClCompile Include="..\update.cc">
      <Filter>Source Files</Filter>
    </ClCompile>
    <ClCompile Include="..\uri.cc">
      <Filter>Source Files</Filter>
    </ClCompile>
    <ClCompile Include="..\vocab.cc">
      <Filter>Source Files</Filter>
    </ClCompile>
    <ClCompile Include="..\work.cc">
      <Filter>Source Files</Filter>
    </ClCompile>
    <ClCompile Include="..\xdelta.cc">
      <Filter>Source Files</Filter>
    </ClCompile>
    <ClCompile Include="..\win32\main.cc">
      <Filter>Source Files</Filter>
    </ClCompile>
    <ClCompile Include="..\network\automate_session.cc">
      <Filter>Source Files</Filter>
    </ClCompile>
    <ClCompile Include="..\network\connection_info.cc">
      <Filter>Source Files</Filter>
    </ClCompile>
    <ClCompile Include="..\network\listener.cc">
      <Filter>Source Files</Filter>
    </ClCompile>
    <ClCompile Include="..\network\listener_base.cc">
      <Filter>Source Files</Filter>
    </ClCompile>
    <ClCompile Include="..\network\make_server.cc">
      <Filter>Source Files</Filter>
    </ClCompile>
    <ClCompile Include="..\network\netsync_session.cc">
      <Filter>Source Files</Filter>
    </ClCompile>
    <ClCompile Include="..\network\reactable.cc">
      <Filter>Source Files</Filter>
    </ClCompile>
    <ClCompile Include="..\network\reactor.cc">
      <Filter>Source Files</Filter>
    </ClCompile>
    <ClCompile Include="..\network\session.cc">
      <Filter>Source Files</Filter>
    </ClCompile>
    <ClCompile Include="..\network\session_base.cc">
      <Filter>Source Files</Filter>
    </ClCompile>
    <ClCompile Include="..\network\wrapped_session.cc">
      <Filter>Source Files</Filter>
    </ClCompile>
    <ClCompile Include="..\maybe_workspace_updater.cc">
      <Filter>Source Files</Filter>
    </ClCompile>
    <ClCompile Include="..\rev_output.cc">
      <Filter>Source Files</Filter>
    </ClCompile>
  </ItemGroup>
  <ItemGroup>
    <CustomBuild Include="..\schema.sql" />
    <CustomBuild Include="..\std_hooks.lua" />
    <CustomBuild Include="unknown_package.txt" />
  </ItemGroup>
</Project>