
Microsoft Visual Studio Solution File, Format Version 11.00
# Visual C++ Express 2010
Project("{8BC9CEB8-8B4A-11D0-8D11-00A0C91BC942}") = "monotone", "monotone.vcxproj", "{83E1EB91-ABA9-4DC5-9423-87B3D977F015}"
	ProjectSection(ProjectDependencies) = postProject
		{309B9A4E-2572-4A68-876D-E02639F84510} = {309B9A4E-2572-4A68-876D-E02639F84510}
	EndProjectSection
EndProject
Project("{8BC9CEB8-8B4A-11D0-8D11-00A0C91BC942}") = "netxx", "netxx.vcxproj", "{A075E27B-893B-4426-9B52-D6A795F699DE}"
EndProject
Project("{8BC9CEB8-8B4A-11D0-8D11-00A0C91BC942}") = "txt2c", "txt2c.vcxproj", "{EFC02287-836F-470D-9955-44A8F81FB764}"
EndProject
Project("{8BC9CEB8-8B4A-11D0-8D11-00A0C91BC942}") = "tester", "tester.vcxproj", "{56C03BD7-0CFA-404B-B666-58020593A071}"
EndProject
Project("{8BC9CEB8-8B4A-11D0-8D11-00A0C91BC942}") = "unit_tester", "unit_tester.vcxproj", "{8F951705-66C4-4B67-A585-C8CF75EA2644}"
	ProjectSection(ProjectDependencies) = postProject
		{309B9A4E-2572-4A68-876D-E02639F84510} = {309B9A4E-2572-4A68-876D-E02639F84510}
	EndProjectSection
EndProject
Project("{8BC9CEB8-8B4A-11D0-8D11-00A0C91BC942}") = "libplatform", "libplatform.vcxproj", "{309B9A4E-2572-4A68-876D-E02639F84510}"
EndProject
Project("{8BC9CEB8-8B4A-11D0-8D11-00A0C91BC942}") = "check_net", "check_net.vcxproj", "{7341FD73-D19D-4FBA-BA2D-26781C4A4C41}"
EndProject
Global
	GlobalSection(SolutionConfigurationPlatforms) = preSolution
		Debug|Win32 = Debug|Win32
		Release|Win32 = Release|Win32
	EndGlobalSection
	GlobalSection(ProjectConfigurationPlatforms) = postSolution
		{83E1EB91-ABA9-4DC5-9423-87B3D977F015}.Debug|Win32.ActiveCfg = Debug|Win32
		{83E1EB91-ABA9-4DC5-9423-87B3D977F015}.Debug|Win32.Build.0 = Debug|Win32
		{83E1EB91-ABA9-4DC5-9423-87B3D977F015}.Release|Win32.ActiveCfg = Release|Win32
		{83E1EB91-ABA9-4DC5-9423-87B3D977F015}.Release|Win32.Build.0 = Release|Win32
		{A075E27B-893B-4426-9B52-D6A795F699DE}.Debug|Win32.ActiveCfg = Debug|Win32
		{A075E27B-893B-4426-9B52-D6A795F699DE}.Debug|Win32.Build.0 = Debug|Win32
		{A075E27B-893B-4426-9B52-D6A795F699DE}.Release|Win32.ActiveCfg = Release|Win32
		{A075E27B-893B-4426-9B52-D6A795F699DE}.Release|Win32.Build.0 = Release|Win32
		{EFC02287-836F-470D-9955-44A8F81FB764}.Debug|Win32.ActiveCfg = Debug|Win32
		{EFC02287-836F-470D-9955-44A8F81FB764}.Debug|Win32.Build.0 = Debug|Win32
		{EFC02287-836F-470D-9955-44A8F81FB764}.Release|Win32.ActiveCfg = Release|Win32
		{EFC02287-836F-470D-9955-44A8F81FB764}.Release|Win32.Build.0 = Release|Win32
		{56C03BD7-0CFA-404B-B666-58020593A071}.Debug|Win32.ActiveCfg = Debug|Win32
		{56C03BD7-0CFA-404B-B666-58020593A071}.Debug|Win32.Build.0 = Debug|Win32
		{56C03BD7-0CFA-404B-B666-58020593A071}.Release|Win32.ActiveCfg = Release|Win32
		{56C03BD7-0CFA-404B-B666-58020593A071}.Release|Win32.Build.0 = Release|Win32
		{8F951705-66C4-4B67-A585-C8CF75EA2644}.Debug|Win32.ActiveCfg = Debug|Win32
		{8F951705-66C4-4B67-A585-C8CF75EA2644}.Debug|Win32.Build.0 = Debug|Win32
		{8F951705-66C4-4B67-A585-C8CF75EA2644}.Release|Win32.ActiveCfg = Release|Win32
		{8F951705-66C4-4B67-A585-C8CF75EA2644}.Release|Win32.Build.0 = Release|Win32
		{309B9A4E-2572-4A68-876D-E02639F84510}.Debug|Win32.ActiveCfg = Debug|Win32
		{309B9A4E-2572-4A68-876D-E02639F84510}.Debug|Win32.Build.0 = Debug|Win32
		{309B9A4E-2572-4A68-876D-E02639F84510}.Release|Win32.ActiveCfg = Release|Win32
		{309B9A4E-2572-4A68-876D-E02639F84510}.Release|Win32.Build.0 = Release|Win32
		{7341FD73-D19D-4FBA-BA2D-26781C4A4C41}.Debug|Win32.ActiveCfg = Debug|Win32
		{7341FD73-D19D-4FBA-BA2D-26781C4A4C41}.Debug|Win32.Build.0 = Debug|Win32
		{7341FD73-D19D-4FBA-BA2D-26781C4A4C41}.Release|Win32.ActiveCfg = Release|Win32
		{7341FD73-D19D-4FBA-BA2D-26781C4A4C41}.Release|Win32.Build.0 = Release|Win32
	EndGlobalSection
	GlobalSection(SolutionProperties) = preSolution
		HideSolutionNode = FALSE
	EndGlobalSection
EndGlobal
