<?xml version="1.0" encoding="utf-8"?>
<Project ToolsVersion="4.0" xmlns="http://schemas.microsoft.com/developer/msbuild/2003">
  <ItemGroup>
    <Filter Include="Source Files">
      <UniqueIdentifier>{83fa1137-d294-4134-8f34-95c38856434c}</UniqueIdentifier>
      <Extensions>cpp;c;cxx;rc;def;odl;idl;hpj;bat;asm</Extensions>
    </Filter>
    <Filter Include="Header Files">
      <UniqueIdentifier>{9a0275fa-739a-4e58-b43c-341e98a7ea1d}</UniqueIdentifier>
      <Extensions>h;hpp;hxx;hm;inl;inc</Extensions>
    </Filter>
    <Filter Include="Resource Files">
      <UniqueIdentifier>{38e6a103-3c3b-42e1-91ff-69a622898de8}</UniqueIdentifier>
      <Extensions>ico;cur;bmp;dlg;rc2;rct;bin;rgs;gif;jpg;jpeg;jpe</Extensions>
    </Filter>
  </ItemGroup>
  <ItemGroup>
    <ClCompile Include="..\netxx\accept.cxx">
      <Filter>Source Files</Filter>
    </ClCompile>
    <ClCompile Include="..\netxx\address.cxx">
      <Filter>Source Files</Filter>
    </ClCompile>
    <ClCompile Include="..\netxx\datagram.cxx">
      <Filter>Source Files</Filter>
    </ClCompile>
    <ClCompile Include="..\netxx\datagramserver.cxx">
      <Filter>Source Files</Filter>
    </ClCompile>
    <ClCompile Include="..\netxx\inet_ntop.cxx">
      <Filter>Source Files</Filter>
    </ClCompile>
    <ClCompile Include="..\netxx\inet_pton.cxx">
      <Filter>Source Files</Filter>
    </ClCompile>
    <ClCompile Include="..\netxx\osutil.cxx">
      <Filter>Source Files</Filter>
    </ClCompile>
    <ClCompile Include="..\netxx\peer.cxx">
      <Filter>Source Files</Filter>
    </ClCompile>
    <ClCompile Include="..\netxx\probe.cxx">
      <Filter>Source Files</Filter>
    </ClCompile>
    <ClCompile Include="..\netxx\probe_select.cxx">
      <Filter>Source Files</Filter>
    </ClCompile>
    <ClCompile Include="..\netxx\recvfrom.cxx">
      <Filter>Source Files</Filter>
    </ClCompile>
    <ClCompile Include="..\netxx\resolve_gethostbyname.cxx">
      <Filter>Source Files</Filter>
    </ClCompile>
    <ClCompile Include="..\netxx\resolve_getservbyname.cxx">
      <Filter>Source Files</Filter>
    </ClCompile>
    <ClCompile Include="..\netxx\serverbase.cxx">
      <Filter>Source Files</Filter>
    </ClCompile>
    <ClCompile Include="..\netxx\sockaddr.cxx">
      <Filter>Source Files</Filter>
    </ClCompile>
    <ClCompile Include="..\netxx\socket.cxx">
      <Filter>Source Files</Filter>
    </ClCompile>
    <ClCompile Include="..\netxx\sockopt.cxx">
      <Filter>Source Files</Filter>
    </ClCompile>
    <ClCompile Include="..\netxx\stream.cxx">
      <Filter>Source Files</Filter>
    </ClCompile>
    <ClCompile Include="..\netxx\streambase.cxx">
      <Filter>Source Files</Filter>
    </ClCompile>
    <ClCompile Include="..\netxx\streamserver.cxx">
      <Filter>Source Files</Filter>
    </ClCompile>
  </ItemGroup>
  <ItemGroup>
    <ClInclude Include="..\netxx\accept.h">
      <Filter>Header Files</Filter>
    </ClInclude>
    <ClInclude Include="..\netxx\address.h">
      <Filter>Header Files</Filter>
    </ClInclude>
    <ClInclude Include="..\netxx\common.h">
      <Filter>Header Files</Filter>
    </ClInclude>
    <ClInclude Include="..\netxx\compat.h">
      <Filter>Header Files</Filter>
    </ClInclude>
    <ClInclude Include="..\netxx\datagram.h">
      <Filter>Header Files</Filter>
    </ClInclude>
    <ClInclude Include="..\netxx\datagramserver.h">
      <Filter>Header Files</Filter>
    </ClInclude>
    <ClInclude Include="..\netxx\inet_ntop.h">
      <Filter>Header Files</Filter>
    </ClInclude>
    <ClInclude Include="..\netxx\inet_pton.h">
      <Filter>Header Files</Filter>
    </ClInclude>
    <ClInclude Include="..\netxx\netbuf.h">
      <Filter>Header Files</Filter>
    </ClInclude>
    <ClInclude Include="..\netxx\netxx.h">
      <Filter>Header Files</Filter>
    </ClInclude>
    <ClInclude Include="..\netxx\osutil.h">
      <Filter>Header Files</Filter>
    </ClInclude>
    <ClInclude Include="..\netxx\peer.h">
      <Filter>Header Files</Filter>
    </ClInclude>
    <ClInclude Include="..\netxx\probe.h">
      <Filter>Header Files</Filter>
    </ClInclude>
    <ClInclude Include="..\netxx\probe_impl.h">
      <Filter>Header Files</Filter>
    </ClInclude>
    <ClInclude Include="..\netxx\probeinfo.h">
      <Filter>Header Files</Filter>
    </ClInclude>
    <ClInclude Include="..\netxx\recvfrom.h">
      <Filter>Header Files</Filter>
    </ClInclude>
    <ClInclude Include="..\netxx\resolve.h">
      <Filter>Header Files</Filter>
    </ClInclude>
    <ClInclude Include="..\netxx\serverbase.h">
      <Filter>Header Files</Filter>
    </ClInclude>
    <ClInclude Include="..\netxx\sockaddr.h">
      <Filter>Header Files</Filter>
    </ClInclude>
    <ClInclude Include="..\netxx\socket.h">
      <Filter>Header Files</Filter>
    </ClInclude>
    <ClInclude Include="..\netxx\sockopt.h">
      <Filter>Header Files</Filter>
    </ClInclude>
    <ClInclude Include="..\netxx\stream.h">
      <Filter>Header Files</Filter>
    </ClInclude>
    <ClInclude Include="..\netxx\streambase.h">
      <Filter>Header Files</Filter>
    </ClInclude>
    <ClInclude Include="..\netxx\streamserver.h">
      <Filter>Header Files</Filter>
    </ClInclude>
    <ClInclude Include="..\netxx\timeout.h">
      <Filter>Header Files</Filter>
    </ClInclude>
    <ClInclude Include="..\netxx\types.h">
      <Filter>Header Files</Filter>
    </ClInclude>
  </ItemGroup>
</Project>