<?xml version="1.0" encoding="utf-8"?>
<Project ToolsVersion="4.0" xmlns="http://schemas.microsoft.com/developer/msbuild/2003">
  <ItemGroup>
    <Filter Include="Source Files">
      <UniqueIdentifier>{b63c054f-0160-4372-b0aa-ec28091c235c}</UniqueIdentifier>
      <Extensions>cpp;c;cxx;rc;def;odl;idl;hpj;bat;asm</Extensions>
    </Filter>
    <Filter Include="Header Files">
      <UniqueIdentifier>{ac1592f8-ee23-4fb5-8bfe-7e782b36564e}</UniqueIdentifier>
      <Extensions>h;hpp;hxx;hm;inl;inc</Extensions>
    </Filter>
    <Filter Include="Resource Files">
      <UniqueIdentifier>{c09abf60-a71c-432f-9ef1-bc93be0e23a4}</UniqueIdentifier>
      <Extensions>ico;cur;bmp;dlg;rc2;rct;bin;rgs;gif;jpg;jpeg;jpe</Extensions>
    </Filter>
  </ItemGroup>
  <ItemGroup>
    <ClCompile Include="..\basic_io.cc">
      <Filter>Source Files</Filter>
    </ClCompile>
    <ClCompile Include="..\charset.cc">
      <Filter>Source Files</Filter>
    </ClCompile>
    <ClCompile Include="..\commands.cc">
      <Filter>Source Files</Filter>
    </ClCompile>
    <ClCompile Include="..\constants.cc">
      <Filter>Source Files</Filter>
    </ClCompile>
    <ClCompile Include="..\cset.cc">
      <Filter>Source Files</Filter>
    </ClCompile>
    <ClCompile Include="..\file_io.cc">
      <Filter>Source Files</Filter>
    </ClCompile>
    <ClCompile Include="..\git_change.cc">
      <Filter>Source Files</Filter>
    </ClCompile>
    <ClCompile Include="..\globish.cc">
      <Filter>Source Files</Filter>
    </ClCompile>
    <ClCompile Include="..\graph.cc">
      <Filter>Source Files</Filter>
    </ClCompile>
    <ClCompile Include="..\gzip.cc">
      <Filter>Source Files</Filter>
    </ClCompile>
    <ClCompile Include="..\hmac.cc">
      <Filter>Source Files</Filter>
    </ClCompile>
    <ClCompile Include="..\lcs.cc">
      <Filter>Source Files</Filter>
    </ClCompile>
    <ClCompile Include="..\merge_3way.cc">
      <Filter>Source Files</Filter>
    </ClCompile>
    <ClCompile Include="..\merge_roster.cc">
      <Filter>Source Files</Filter>
    </ClCompile>
    <ClCompile Include="..\merkle_tree.cc">
      <Filter>Source Files</Filter>
    </ClCompile>
    <ClCompile Include="..\mkstemp.cc">
      <Filter>Source Files</Filter>
    </ClCompile>
    <ClCompile Include="..\netcmd.cc">
      <Filter>Source Files</Filter>
    </ClCompile>
    <ClCompile Include="..\netxx_pipe.cc">
      <Filter>Source Files</Filter>
    </ClCompile>
    <ClCompile Include="..\option.cc">
      <Filter>Source Files</Filter>
    </ClCompile>
    <ClCompile Include="..\outdated_indicator.cc">
      <Filter>Source Files</Filter>
    </ClCompile>
    <ClCompile Include="..\randomizer.cc">
      <Filter>Source Files</Filter>
    </ClCompile>
    <ClCompile Include="..\refiner.cc">
      <Filter>Source Files</Filter>
    </ClCompile>
    <ClCompile Include="..\restrictions.cc">
      <Filter>Source Files</Filter>
    </ClCompile>
    <ClCompile Include="..\revision.cc">
      <Filter>Source Files</Filter>
    </ClCompile>
    <ClCompile Include="..\roster_delta.cc">
      <Filter>Source Files</Filter>
    </ClCompile>
    <ClCompile Include="..\sanity.cc">
      <Filter>Source Files</Filter>
    </ClCompile>
    <ClCompile Include="..\simplestring_xform.cc">
      <Filter>Source Files</Filter>
    </ClCompile>
    <ClCompile Include="..\specialized_lexical_cast.cc">
      <Filter>Source Files</Filter>
    </ClCompile>
    <ClCompile Include="..\transforms.cc">
      <Filter>Source Files</Filter>
    </ClCompile>
    <ClCompile Include="..\uri.cc">
      <Filter>Source Files</Filter>
    </ClCompile>
    <ClCompile Include="..\vocab.cc">
      <Filter>Source Files</Filter>
    </ClCompile>
    <ClCompile Include="..\xdelta.cc">
      <Filter>Source Files</Filter>
    </ClCompile>
    <ClCompile Include="..\unit-tests\basic_io.cc">
      <Filter>Source Files</Filter>
    </ClCompile>
    <ClCompile Include="..\unit-tests\charset.cc">
      <Filter>Source Files</Filter>
    </ClCompile>
    <ClCompile Include="..\unit-tests\commands.cc">
      <Filter>Source Files</Filter>
    </ClCompile>
    <ClCompile Include="..\unit-tests\cset.cc">
      <Filter>Source Files</Filter>
    </ClCompile>
    <ClCompile Include="..\unit-tests\git_change.cc">
      <Filter>Source Files</Filter>
    </ClCompile>
    <ClCompile Include="..\unit-tests\globish.cc">
      <Filter>Source Files</Filter>
    </ClCompile>
    <ClCompile Include="..\unit-tests\graph.cc">
      <Filter>Source Files</Filter>
    </ClCompile>
    <ClCompile Include="..\unit-tests\merge_3way.cc">
      <Filter>Source Files</Filter>
    </ClCompile>
    <ClCompile Include="..\unit-tests\merge_roster.cc">
      <Filter>Source Files</Filter>
    </ClCompile>
    <ClCompile Include="..\unit-tests\mkstemp.cc">
      <Filter>Source Files</Filter>
    </ClCompile>
    <ClCompile Include="..\unit-tests\netcmd.cc">
      <Filter>Source Files</Filter>
    </ClCompile>
    <ClCompile Include="..\unit-tests\netxx_pipe.cc">
      <Filter>Source Files</Filter>
    </ClCompile>
    <ClCompile Include="..\unit-tests\numeric_vocab.cc">
      <Filter>Source Files</Filter>
    </ClCompile>
    <ClCompile Include="..\unit-tests\option.cc">
      <Filter>Source Files</Filter>
    </ClCompile>
    <ClCompile Include="..\unit-tests\outdated_indicator.cc">
      <Filter>Source Files</Filter>
    </ClCompile>
    <ClCompile Include="..\unit-tests\refiner.cc">
      <Filter>Source Files</Filter>
    </ClCompile>
    <ClCompile Include="..\unit-tests\restrictions.cc">
      <Filter>Source Files</Filter>
    </ClCompile>
    <ClCompile Include="..\unit-tests\revision.cc">
      <Filter>Source Files</Filter>
    </ClCompile>
    <ClCompile Include="..\unit-tests\sha1.cc">
      <Filter>Source Files</Filter>
    </ClCompile>
    <ClCompile Include="..\unit-tests\simplestring_xform.cc">
      <Filter>Source Files</Filter>
    </ClCompile>
    <ClCompile Include="..\unit-tests\string_queue.cc">
      <Filter>Source Files</Filter>
    </ClCompile>
    <ClCompile Include="..\unit-tests\transforms.cc">
      <Filter>Source Files</Filter>
    </ClCompile>
    <ClCompile Include="..\unit-tests\uri.cc">
      <Filter>Source Files</Filter>
    </ClCompile>
    <ClCompile Include="..\unit-tests\vocab.cc">
      <Filter>Source Files</Filter>
    </ClCompile>
    <ClCompile Include="..\unit-tests\xdelta.cc">
      <Filter>Source Files</Filter>
    </ClCompile>
    <ClCompile Include="..\unit_tester.cc">
      <Filter>Source Files</Filter>
    </ClCompile>
    <ClCompile Include="..\unit-tests\dates.cc">
      <Filter>Source Files</Filter>
    </ClCompile>
    <ClCompile Include="..\unit-tests\packet.cc">
      <Filter>Source Files</Filter>
    </ClCompile>
    <ClCompile Include="..\unit-tests\paths.cc">
      <Filter>Source Files</Filter>
    </ClCompile>
    <ClCompile Include="..\unit-tests\rev_height.cc">
      <Filter>Source Files</Filter>
    </ClCompile>
    <ClCompile Include="..\unit-tests\roster.cc">
      <Filter>Source Files</Filter>
    </ClCompile>
  </ItemGroup>
</Project>